<Solution>
  <Folder Name="/01 Exercise/">
    <Project Path="ExerciseNumberOne/ExerciseNumberOne.csproj" Id="5e19188b-e601-4ac5-bfe7-868c125da5a3" />
  </Folder>
  <Folder Name="/02 Exercise/">
    <Project Path="Largest number/Largest number.csproj" Id="87ee1a6f-4045-464c-98b6-ad988b0750ba" />
  </Folder>
  <Folder Name="/03 Exercise/">
    <Project Path="OrderingOfThreeNumbers/OrderingOfThreeNumbers.csproj" Id="4ea4e730-d965-4d53-b78b-810c4980e70f" />
  </Folder>
  <Folder Name="/04 Exercise/">
    <Project Path="ANumberIsAMultipleOfAnother/ANumberIsAMultipleOfAnother.csproj" Id="e7a3945f-3fd0-4cbf-83ef-de2c0665c32b" />
  </Folder>
  <Folder Name="/05 Exercise/">
    <Project Path="LeapYear/LeapYear.csproj" Id="2c044218-6c39-47ee-a8fb-752c884236f9" />
  </Folder>
  <Folder Name="/06 Exercise/">
    <Project Path="SimplePayroll/SimplePayroll.csproj" Id="e6ec69f3-8d6c-4fdb-9f9e-b68a3815dae7" />
  </Folder>
  <Folder Name="/07 Exercise/">
    <Project Path="DiscountProgram/DiscountProgram.csproj" Id="af919910-7e39-4c46-ac6c-4c90677a3677" />
  </Folder>
  <Folder Name="/08 Exercise/">
    <Project Path="RegistrationFee/RegistrationFee.csproj" Id="d57082fc-0214-4a41-8274-42b36d0fab89" />
    <Project Path="SubProgram/SubProgram.csproj" Id="9698cc5c-7541-454b-9c23-427e9de714c0" />
  </Folder>
  <Folder Name="/Shared/">
    <Project Path="Reusable code/Reusable code.csproj" Id="e535d019-828e-49e9-8a70-3256794d71d8" />
  </Folder>
</Solution>
